
Microsoft Visual Studio Solution File, Format Version 12.00
# Visual Studio Version 17
VisualStudioVersion = 17.3.32825.248
MinimumVisualStudioVersion = 10.0.40219.1
Project("{FAE04EC0-301F-11D3-BF4B-00C04F79EFBC}") = "prac17", "prac17\prac17.csproj", "{0366F710-1A81-4378-B860-AEF23A661204}"
EndProject
Project("{FAE04EC0-301F-11D3-BF4B-00C04F79EFBC}") = "Serializer", "ClassLibrary1\Serializer.csproj", "{685CDE1E-6302-4C54-83C8-805C43EB23C9}"
EndProject
Project("{FAE04EC0-301F-11D3-BF4B-00C04F79EFBC}") = "TCP", "TCP\TCP.csproj", "{9C2D5B39-A03C-4CB3-B86C-1244F906DD99}"
EndProject
Global
	GlobalSection(SolutionConfigurationPlatforms) = preSolution
		Debug|Any CPU = Debug|Any CPU
		Release|Any CPU = Release|Any CPU
	EndGlobalSection
	GlobalSection(ProjectConfigurationPlatforms) = postSolution
		{0366F710-1A81-4378-B860-AEF23A661204}.Debug|Any CPU.ActiveCfg = Debug|Any CPU
		{0366F710-1A81-4378-B860-AEF23A661204}.Debug|Any CPU.Build.0 = Debug|Any CPU
		{0366F710-1A81-4378-B860-AEF23A661204}.Release|Any CPU.ActiveCfg = Release|Any CPU
		{0366F710-1A81-4378-B860-AEF23A661204}.Release|Any CPU.Build.0 = Release|Any CPU
		{685CDE1E-6302-4C54-83C8-805C43EB23C9}.Debug|Any CPU.ActiveCfg = Debug|Any CPU
		{685CDE1E-6302-4C54-83C8-805C43EB23C9}.Debug|Any CPU.Build.0 = Debug|Any CPU
		{685CDE1E-6302-4C54-83C8-805C43EB23C9}.Release|Any CPU.ActiveCfg = Release|Any CPU
		{685CDE1E-6302-4C54-83C8-805C43EB23C9}.Release|Any CPU.Build.0 = Release|Any CPU
		{9C2D5B39-A03C-4CB3-B86C-1244F906DD99}.Debug|Any CPU.ActiveCfg = Debug|Any CPU
		{9C2D5B39-A03C-4CB3-B86C-1244F906DD99}.Debug|Any CPU.Build.0 = Debug|Any CPU
		{9C2D5B39-A03C-4CB3-B86C-1244F906DD99}.Release|Any CPU.ActiveCfg = Release|Any CPU
		{9C2D5B39-A03C-4CB3-B86C-1244F906DD99}.Release|Any CPU.Build.0 = Release|Any CPU
	EndGlobalSection
	GlobalSection(SolutionProperties) = preSolution
		HideSolutionNode = FALSE
	EndGlobalSection
	GlobalSection(ExtensibilityGlobals) = postSolution
		SolutionGuid = {F87565D0-D46D-4F21-ACB3-C9E8A3FCE365}
	EndGlobalSection
EndGlobal
